{
  "requires": true,
  "lockfileVersion": 1,
  "dependencies": {
    "express-rate-limit": {
      "version": "5.1.3",
      "resolved": "https://registry.npmjs.org/express-rate-limit/-/express-rate-limit-5.1.3.tgz",
      "integrity": "sha512-TINcxve5510pXj4n9/1AMupkj3iWxl3JuZaWhCdYDlZeoCPqweGZrxbrlqTCFb1CT5wli7s8e2SH/Qz2c9GorA=="
    }
  }
}
